
Microsoft Visual Studio Solution File, Format Version 12.00
# Visual Studio Version 16
VisualStudioVersion = 16.0.32413.511
MinimumVisualStudioVersion = 10.0.40219.1
Project("{FAE04EC0-301F-11D3-BF4B-00C04F79EFBC}") = "korok", "korok\korok.csproj", "{D67A186B-36EF-4625-AD2D-1691F592E2A3}"
EndProject
Global
	GlobalSection(SolutionConfigurationPlatforms) = preSolution
		Debug|Any CPU = Debug|Any CPU
		Release|Any CPU = Release|Any CPU
	EndGlobalSection
	GlobalSection(ProjectConfigurationPlatforms) = postSolution
		{D67A186B-36EF-4625-AD2D-1691F592E2A3}.Debug|Any CPU.ActiveCfg = Debug|Any CPU
		{D67A186B-36EF-4625-AD2D-1691F592E2A3}.Debug|Any CPU.Build.0 = Debug|Any CPU
		{D67A186B-36EF-4625-AD2D-1691F592E2A3}.Release|Any CPU.ActiveCfg = Release|Any CPU
		{D67A186B-36EF-4625-AD2D-1691F592E2A3}.Release|Any CPU.Build.0 = Release|Any CPU
	EndGlobalSection
	GlobalSection(SolutionProperties) = preSolution
		HideSolutionNode = FALSE
	EndGlobalSection
	GlobalSection(ExtensibilityGlobals) = postSolution
		SolutionGuid = {68C09B5B-AE4C-42D5-A0D2-F8BE271046E2}
	EndGlobalSection
EndGlobal
